
Microsoft Visual Studio Solution File, Format Version 12.00
# Visual Studio Version 17
VisualStudioVersion = 17.14.36414.22 d17.14
MinimumVisualStudioVersion = 10.0.40219.1
Project("{FAE04EC0-301F-11D3-BF4B-00C04F79EFBC}") = "SauceDemoTest", "SauceDemoTest\SauceDemoTest.csproj", "{08B1F12A-E7ED-469C-995D-01EC6B54FC85}"
EndProject
Global
	GlobalSection(SolutionConfigurationPlatforms) = preSolution
		Debug|Any CPU = Debug|Any CPU
		Release|Any CPU = Release|Any CPU
	EndGlobalSection
	GlobalSection(ProjectConfigurationPlatforms) = postSolution
		{08B1F12A-E7ED-469C-995D-01EC6B54FC85}.Debug|Any CPU.ActiveCfg = Debug|Any CPU
		{08B1F12A-E7ED-469C-995D-01EC6B54FC85}.Debug|Any CPU.Build.0 = Debug|Any CPU
		{08B1F12A-E7ED-469C-995D-01EC6B54FC85}.Release|Any CPU.ActiveCfg = Release|Any CPU
		{08B1F12A-E7ED-469C-995D-01EC6B54FC85}.Release|Any CPU.Build.0 = Release|Any CPU
	EndGlobalSection
	GlobalSection(SolutionProperties) = preSolution
		HideSolutionNode = FALSE
	EndGlobalSection
	GlobalSection(ExtensibilityGlobals) = postSolution
		SolutionGuid = {FBF191E9-3571-4057-AD9C-D416EEC1C1E1}
	EndGlobalSection
EndGlobal
